
Microsoft Visual Studio Solution File, Format Version 12.00
# Visual Studio 2012
Project("{FAE04EC0-301F-11D3-BF4B-00C04F79EFBC}") = "LuahelpPastebin", "LuahelpPastebin\LuahelpPastebin.csproj", "{E4ABB3B2-A108-45ED-A90E-4CE09E68A7A0}"
EndProject
Project("{FAE04EC0-301F-11D3-BF4B-00C04F79EFBC}") = "LuahelpPastebin.Tests", "LuahelpPastebin.Tests\LuahelpPastebin.Tests.csproj", "{4DE06DFB-2017-4E6C-A2EE-48B76B7E78B9}"
EndProject
Global
	GlobalSection(SolutionConfigurationPlatforms) = preSolution
		Debug|Any CPU = Debug|Any CPU
		Release|Any CPU = Release|Any CPU
	EndGlobalSection
	GlobalSection(ProjectConfigurationPlatforms) = postSolution
		{E4ABB3B2-A108-45ED-A90E-4CE09E68A7A0}.Debug|Any CPU.ActiveCfg = Debug|Any CPU
		{E4ABB3B2-A108-45ED-A90E-4CE09E68A7A0}.Debug|Any CPU.Build.0 = Debug|Any CPU
		{E4ABB3B2-A108-45ED-A90E-4CE09E68A7A0}.Release|Any CPU.ActiveCfg = Release|Any CPU
		{E4ABB3B2-A108-45ED-A90E-4CE09E68A7A0}.Release|Any CPU.Build.0 = Release|Any CPU
		{4DE06DFB-2017-4E6C-A2EE-48B76B7E78B9}.Debug|Any CPU.ActiveCfg = Debug|Any CPU
		{4DE06DFB-2017-4E6C-A2EE-48B76B7E78B9}.Debug|Any CPU.Build.0 = Debug|Any CPU
		{4DE06DFB-2017-4E6C-A2EE-48B76B7E78B9}.Release|Any CPU.ActiveCfg = Release|Any CPU
		{4DE06DFB-2017-4E6C-A2EE-48B76B7E78B9}.Release|Any CPU.Build.0 = Release|Any CPU
	EndGlobalSection
	GlobalSection(SolutionProperties) = preSolution
		HideSolutionNode = FALSE
	EndGlobalSection
EndGlobal
